// !$*UTF8*$!
{
	archiveVersion = 1;
	classes = {
	};
	objectVersion = 46;
	objects = {

/* Begin PBXBuildFile section */
		136C21BF1F436A1D00BAFA57 /* AppDelegate.swift in Sources */ = {isa = PBXBuildFile; fileRef = 136C21BE1F436A1D00BAFA57 /* AppDelegate.swift */; };
		136C21C11F436A1D00BAFA57 /* ViewController.swift in Sources */ = {isa = PBXBuildFile; fileRef = 136C21C01F436A1D00BAFA57 /* ViewController.swift */; };
		136C21C41F436A1D00BAFA57 /* Main.storyboard in Resources */ = {isa = PBXBuildFile; fileRef = 136C21C21F436A1D00BAFA57 /* Main.storyboard */; };
		136C21C61F436A1D00BAFA57 /* Images.xcassets in Resources */ = {isa = PBXBuildFile; fileRef = 136C21C51F436A1D00BAFA57 /* Images.xcassets */; };
		136C21C91F436A1D00BAFA57 /* LaunchScreen.xib in Resources */ = {isa = PBXBuildFile; fileRef = 136C21C71F436A1D00BAFA57 /* LaunchScreen.xib */; };
		136C21D51F436A1D00BAFA57 /* TipCalcTests.swift in Sources */ = {isa = PBXBuildFile; fileRef = 136C21D41F436A1D00BAFA57 /* TipCalcTests.swift */; };
/* End PBXBuildFile section */

/* Begin PBXContainerItemProxy section */
		136C21CF1F436A1D00BAFA57 /* PBXContainerItemProxy */ = {
			isa = PBXContainerItemProxy;
			containerPortal = 136C21B11F436A1D00BAFA57 /* Project object */;
			proxyType = 1;
			remoteGlobalIDString = 136C21B81F436A1D00BAFA57;
			remoteInfo = TipCalc;
		};
/* End PBXContainerItemProxy section */

/* Begin PBXFileReference section */
		136C21B91F436A1D00BAFA57 /* TipCalc.app */ = {isa = PBXFileReference; explicitFileType = wrapper.application; includeInIndex = 0; path = TipCalc.app; sourceTree = BUILT_PRODUCTS_DIR; };
		136C21BD1F436A1D00BAFA57 /* Info.plist */ = {isa = PBXFileReference; lastKnownFileType = text.plist.xml; path = Info.plist; sourceTree = "<group>"; };
		136C21BE1F436A1D00BAFA57 /* AppDelegate.swift */ = {isa = PBXFileReference; lastKnownFileType = sourcecode.swift; path = AppDelegate.swift; sourceTree = "<group>"; };
		136C21C01F436A1D00BAFA57 /* ViewController.swift */ = {isa = PBXFileReference; lastKnownFileType = sourcecode.swift; path = ViewController.swift; sourceTree = "<group>"; };
		136C21C31F436A1D00BAFA57 /* Base */ = {isa = PBXFileReference; lastKnownFileType = file.storyboard; name = Base; path = Base.lproj/Main.storyboard; sourceTree = "<group>"; };
		136C21C51F436A1D00BAFA57 /* Images.xcassets */ = {isa = PBXFileReference; lastKnownFileType = folder.assetcatalog; path = Images.xcassets; sourceTree = "<group>"; };
		136C21C81F436A1D00BAFA57 /* Base */ = {isa = PBXFileReference; lastKnownFileType = file.xib; name = Base; path = Base.lproj/LaunchScreen.xib; sourceTree = "<group>"; };
		136C21CE1F436A1D00BAFA57 /* TipCalcTests.xctest */ = {isa = PBXFileReference; explicitFileType = wrapper.cfbundle; includeInIndex = 0; path = TipCalcTests.xctest; sourceTree = BUILT_PRODUCTS_DIR; };
		136C21D31F436A1D00BAFA57 /* Info.plist */ = {isa = PBXFileReference; lastKnownFileType = text.plist.xml; path = Info.plist; sourceTree = "<group>"; };
		136C21D41F436A1D00BAFA57 /* TipCalcTests.swift */ = {isa = PBXFileReference; lastKnownFileType = sourcecode.swift; path = TipCalcTests.swift; sourceTree = "<group>"; };
/* End PBXFileReference section */

/* Begin PBXFrameworksBuildPhase section */
		136C21B61F436A1D00BAFA57 /* Frameworks */ = {
			isa = PBXFrameworksBuildPhase;
			buildActionMask = 2147483647;
			files = (
			);
			runOnlyForDeploymentPostprocessing = 0;
		};
		136C21CB1F436A1D00BAFA57 /* Frameworks */ = {
			isa = PBXFrameworksBuildPhase;
			buildActionMask = 2147483647;
			files = (
			);
			runOnlyForDeploymentPostprocessing = 0;
		};
/* End PBXFrameworksBuildPhase section */

/* Begin PBXGroup section */
		136C21B01F436A1D00BAFA57 = {
			isa = PBXGroup;
			children = (
				136C21BB1F436A1D00BAFA57 /* TipCalc */,
				136C21D11F436A1D00BAFA57 /* TipCalcTests */,
				136C21BA1F436A1D00BAFA57 /* Products */,
			);
			sourceTree = "<group>";
		};
		136C21BA1F436A1D00BAFA57 /* Products */ = {
			isa = PBXGroup;
			children = (
				136C21B91F436A1D00BAFA57 /* TipCalc.app */,
				136C21CE1F436A1D00BAFA57 /* TipCalcTests.xctest */,
			);
			name = Products;
			sourceTree = "<group>";
		};
		136C21BB1F436A1D00BAFA57 /* TipCalc */ = {
			isa = PBXGroup;
			children = (
				136C21BE1F436A1D00BAFA57 /* AppDelegate.swift */,
				136C21C01F436A1D00BAFA57 /* ViewController.swift */,
				136C21C21F436A1D00BAFA57 /* Main.storyboard */,
				136C21C51F436A1D00BAFA57 /* Images.xcassets */,
				136C21C71F436A1D00BAFA57 /* LaunchScreen.xib */,
				136C21BC1F436A1D00BAFA57 /* Supporting Files */,
			);
			path = TipCalc;
			sourceTree = "<group>";
		};
		136C21BC1F436A1D00BAFA57 /* Supporting Files */ = {
			isa = PBXGroup;
			children = (
				136C21BD1F436A1D00BAFA57 /* Info.plist */,
			);
			name = "Supporting Files";
			sourceTree = "<group>";
		};
		136C21D11F436A1D00BAFA57 /* TipCalcTests */ = {
			isa = PBXGroup;
			children = (
				136C21D41F436A1D00BAFA57 /* TipCalcTests.swift */,
				136C21D21F436A1D00BAFA57 /* Supporting Files */,
			);
			path = TipCalcTests;
			sourceTree = "<group>";
		};
		136C21D21F436A1D00BAFA57 /* Supporting Files */ = {
			isa = PBXGroup;
			children = (
				136C21D31F436A1D00BAFA57 /* Info.plist */,
			);
			name = "Supporting Files";
			sourceTree = "<group>";
		};
/* End PBXGroup section */

/* Begin PBXNativeTarget section */
		136C21B81F436A1D00BAFA57 /* TipCalc */ = {
			isa = PBXNativeTarget;
			buildConfigurationList = 136C21D81F436A1D00BAFA57 /* Build configuration list for PBXNativeTarget "TipCalc" */;
			buildPhases = (
				136C21B51F436A1D00BAFA57 /* Sources */,
				136C21B61F436A1D00BAFA57 /* Frameworks */,
				136C21B71F436A1D00BAFA57 /* Resources */,
			);
			buildRules = (
			);
			dependencies = (
			);
			name = TipCalc;
			productName = TipCalc;
			productReference = 136C21B91F436A1D00BAFA57 /* TipCalc.app */;
			productType = "com.apple.product-type.application";
		};
		136C21CD1F436A1D00BAFA57 /* TipCalcTests */ = {
			isa = PBXNativeTarget;
			buildConfigurationList = 136C21DB1F436A1D00BAFA57 /* Build configuration list for PBXNativeTarget "TipCalcTests" */;
			buildPhases = (
				136C21CA1F436A1D00BAFA57 /* Sources */,
				136C21CB1F436A1D00BAFA57 /* Frameworks */,
				136C21CC1F436A1D00BAFA57 /* Resources */,
			);
			buildRules = (
			);
			dependencies = (
				136C21D01F436A1D00BAFA57 /* PBXTargetDependency */,
			);
			name = TipCalcTests;
			productName = TipCalcTests;
			productReference = 136C21CE1F436A1D00BAFA57 /* TipCalcTests.xctest */;
			productType = "com.apple.product-type.bundle.unit-test";
		};
/* End PBXNativeTarget section */

/* Begin PBXProject section */
		136C21B11F436A1D00BAFA57 /* Project object */ = {
			isa = PBXProject;
			attributes = {
				LastUpgradeCheck = 0630;
				ORGANIZATIONNAME = "Husain Taquee";
				TargetAttributes = {
					136C21B81F436A1D00BAFA57 = {
						CreatedOnToolsVersion = 6.3.1;
					};
					136C21CD1F436A1D00BAFA57 = {
						CreatedOnToolsVersion = 6.3.1;
						TestTargetID = 136C21B81F436A1D00BAFA57;
					};
				};
			};
			buildConfigurationList = 136C21B41F436A1D00BAFA57 /* Build configuration list for PBXProject "TipCalc" */;
			compatibilityVersion = "Xcode 3.2";
			developmentRegion = English;
			hasScannedForEncodings = 0;
			knownRegions = (
				en,
				Base,
			);
			mainGroup = 136C21B01F436A1D00BAFA57;
			productRefGroup = 136C21BA1F436A1D00BAFA57 /* Products */;
			projectDirPath = "";
			projectRoot = "";
			targets = (
				136C21B81F436A1D00BAFA57 /* TipCalc */,
				136C21CD1F436A1D00BAFA57 /* TipCalcTests */,
			);
		};
/* End PBXProject section */

/* Begin PBXResourcesBuildPhase section */
		136C21B71F436A1D00BAFA57 /* Resources */ = {
			isa = PBXResourcesBuildPhase;
			buildActionMask = 2147483647;
			files = (
				136C21C41F436A1D00BAFA57 /* Main.storyboard in Resources */,
				136C21C91F436A1D00BAFA57 /* LaunchScreen.xib in Resources */,
				136C21C61F436A1D00BAFA57 /* Images.xcassets in Resources */,
			);
			runOnlyForDeploymentPostprocessing = 0;
		};
		136C21CC1F436A1D00BAFA57 /* Resources */ = {
			isa = PBXResourcesBuildPhase;
			buildActionMask = 2147483647;
			files = (
			);
			runOnlyForDeploymentPostprocessing = 0;
		};
/* End PBXResourcesBuildPhase section */

/* Begin PBXSourcesBuildPhase section */
		136C21B51F436A1D00BAFA57 /* Sources */ = {
			isa = PBXSourcesBuildPhase;
			buildActionMask = 2147483647;
			files = (
				136C21C11F436A1D00BAFA57 /* ViewController.swift in Sources */,
				136C21BF1F436A1D00BAFA57 /* AppDelegate.swift in Sources */,
			);
			runOnlyForDeploymentPostprocessing = 0;
		};
		136C21CA1F436A1D00BAFA57 /* Sources */ = {
			isa = PBXSourcesBuildPhase;
			buildActionMask = 2147483647;
			files = (
				136C21D51F436A1D00BAFA57 /* TipCalcTests.swift in Sources */,
			);
			runOnlyForDeploymentPostprocessing = 0;
		};
/* End PBXSourcesBuildPhase section */

/* Begin PBXTargetDependency section */
		136C21D01F436A1D00BAFA57 /* PBXTargetDependency */ = {
			isa = PBXTargetDependency;
			target = 136C21B81F436A1D00BAFA57 /* TipCalc */;
			targetProxy = 136C21CF1F436A1D00BAFA57 /* PBXContainerItemProxy */;
		};
/* End PBXTargetDependency section */

/* Begin PBXVariantGroup section */
		136C21C21F436A1D00BAFA57 /* Main.storyboard */ = {
			isa = PBXVariantGroup;
			children = (
				136C21C31F436A1D00BAFA57 /* Base */,
			);
			name = Main.storyboard;
			sourceTree = "<group>";
		};
		136C21C71F436A1D00BAFA57 /* LaunchScreen.xib */ = {
			isa = PBXVariantGroup;
			children = (
				136C21C81F436A1D00BAFA57 /* Base */,
			);
			name = LaunchScreen.xib;
			sourceTree = "<group>";
		};
/* End PBXVariantGroup section */

/* Begin XCBuildConfiguration section */
		136C21D61F436A1D00BAFA57 /* Debug */ = {
			isa = XCBuildConfiguration;
			buildSettings = {
				ALWAYS_SEARCH_USER_PATHS = NO;
				CLANG_CXX_LANGUAGE_STANDARD = "gnu++0x";
				CLANG_CXX_LIBRARY = "libc++";
				CLANG_ENABLE_MODULES = YES;
				CLANG_ENABLE_OBJC_ARC = YES;
				CLANG_WARN_BOOL_CONVERSION = YES;
				CLANG_WARN_CONSTANT_CONVERSION = YES;
				CLANG_WARN_DIRECT_OBJC_ISA_USAGE = YES_ERROR;
				CLANG_WARN_EMPTY_BODY = YES;
				CLANG_WARN_ENUM_CONVERSION = YES;
				CLANG_WARN_INT_CONVERSION = YES;
				CLANG_WARN_OBJC_ROOT_CLASS = YES_ERROR;
				CLANG_WARN_UNREACHABLE_CODE = YES;
				CLANG_WARN__DUPLICATE_METHOD_MATCH = YES;
				"CODE_SIGN_IDENTITY[sdk=iphoneos*]" = "iPhone Developer";
				COPY_PHASE_STRIP = NO;
				DEBUG_INFORMATION_FORMAT = "dwarf-with-dsym";
				ENABLE_STRICT_OBJC_MSGSEND = YES;
				GCC_C_LANGUAGE_STANDARD = gnu99;
				GCC_DYNAMIC_NO_PIC = NO;
				GCC_NO_COMMON_BLOCKS = YES;
				GCC_OPTIMIZATION_LEVEL = 0;
				GCC_PREPROCESSOR_DEFINITIONS = (
					"DEBUG=1",
					"$(inherited)",
				);
				GCC_SYMBOLS_PRIVATE_EXTERN = NO;
				GCC_WARN_64_TO_32_BIT_CONVERSION = YES;
				GCC_WARN_ABOUT_RETURN_TYPE = YES_ERROR;
				GCC_WARN_UNDECLARED_SELECTOR = YES;
				GCC_WARN_UNINITIALIZED_AUTOS = YES_AGGRESSIVE;
				GCC_WARN_UNUSED_FUNCTION = YES;
				GCC_WARN_UNUSED_VARIABLE = YES;
				IPHONEOS_DEPLOYMENT_TARGET = 8.3;
				MTL_ENABLE_DEBUG_INFO = YES;
				ONLY_ACTIVE_ARCH = YES;
				SDKROOT = iphoneos;
				SWIFT_OPTIMIZATION_LEVEL = "-Onone";
			};
			name = Debug;
		};
		136C21D71F436A1D00BAFA57 /* Release */ = {
			isa = XCBuildConfiguration;
			buildSettings = {
				ALWAYS_SEARCH_USER_PATHS = NO;
				CLANG_CXX_LANGUAGE_STANDARD = "gnu++0x";
				CLANG_CXX_LIBRARY = "libc++";
				CLANG_ENABLE_MODULES = YES;
				CLANG_ENABLE_OBJC_ARC = YES;
				CLANG_WARN_BOOL_CONVERSION = YES;
				CLANG_WARN_CONSTANT_CONVERSION = YES;
				CLANG_WARN_DIRECT_OBJC_ISA_USAGE = YES_ERROR;
				CLANG_WARN_EMPTY_BODY = YES;
				CLANG_WARN_ENUM_CONVERSION = YES;
				CLANG_WARN_INT_CONVERSION = YES;
				CLANG_WARN_OBJC_ROOT_CLASS = YES_ERROR;
				CLANG_WARN_UNREACHABLE_CODE = YES;
				CLANG_WARN__DUPLICATE_METHOD_MATCH = YES;
				"CODE_SIGN_IDENTITY[sdk=iphoneos*]" = "iPhone Developer";
				COPY_PHASE_STRIP = NO;
				DEBUG_INFORMATION_FORMAT = "dwarf-with-dsym";
				ENABLE_NS_ASSERTIONS = NO;
				ENABLE_STRICT_OBJC_MSGSEND = YES;
				GCC_C_LANGUAGE_STANDARD = gnu99;
				GCC_NO_COMMON_BLOCKS = YES;
				GCC_WARN_64_TO_32_BIT_CONVERSION = YES;
				GCC_WARN_ABOUT_RETURN_TYPE = YES_ERROR;
				GCC_WARN_UNDECLARED_SELECTOR = YES;
				GCC_WARN_UNINITIALIZED_AUTOS = YES_AGGRESSIVE;
				GCC_WARN_UNUSED_FUNCTION = YES;
				GCC_WARN_UNUSED_VARIABLE = YES;
				IPHONEOS_DEPLOYMENT_TARGET = 8.3;
				MTL_ENABLE_DEBUG_INFO = NO;
				SDKROOT = iphoneos;
				VALIDATE_PRODUCT = YES;
			};
			name = Release;
		};
		136C21D91F436A1D00BAFA57 /* Debug */ = {
			isa = XCBuildConfiguration;
			buildSettings = {
				ASSETCATALOG_COMPILER_APPICON_NAME = AppIcon;
				INFOPLIST_FILE = TipCalc/Info.plist;
				LD_RUNPATH_SEARCH_PATHS = "$(inherited) @executable_path/Frameworks";
				PRODUCT_NAME = "$(TARGET_NAME)";
			};
			name = Debug;
		};
		136C21DA1F436A1D00BAFA57 /* Release */ = {
			isa = XCBuildConfiguration;
			buildSettings = {
				ASSETCATALOG_COMPILER_APPICON_NAME = AppIcon;
				INFOPLIST_FILE = TipCalc/Info.plist;
				LD_RUNPATH_SEARCH_PATHS = "$(inherited) @executable_path/Frameworks";
				PRODUCT_NAME = "$(TARGET_NAME)";
			};
			name = Release;
		};
		136C21DC1F436A1D00BAFA57 /* Debug */ = {
			isa = XCBuildConfiguration;
			buildSettings = {
				BUNDLE_LOADER = "$(TEST_HOST)";
				FRAMEWORK_SEARCH_PATHS = (
					"$(SDKROOT)/Developer/Library/Frameworks",
					"$(inherited)",
				);
				GCC_PREPROCESSOR_DEFINITIONS = (
					"DEBUG=1",
					"$(inherited)",
				);
				INFOPLIST_FILE = TipCalcTests/Info.plist;
				LD_RUNPATH_SEARCH_PATHS = "$(inherited) @executable_path/Frameworks @loader_path/Frameworks";
				PRODUCT_NAME = "$(TARGET_NAME)";
				TEST_HOST = "$(BUILT_PRODUCTS_DIR)/TipCalc.app/TipCalc";
			};
			name = Debug;
		};
		136C21DD1F436A1D00BAFA57 /* Release */ = {
			isa = XCBuildConfiguration;
			buildSettings = {
				BUNDLE_LOADER = "$(TEST_HOST)";
				FRAMEWORK_SEARCH_PATHS = (
					"$(SDKROOT)/Developer/Library/Frameworks",
					"$(inherited)",
				);
				INFOPLIST_FILE = TipCalcTests/Info.plist;
				LD_RUNPATH_SEARCH_PATHS = "$(inherited) @executable_path/Frameworks @loader_path/Frameworks";
				PRODUCT_NAME = "$(TARGET_NAME)";
				TEST_HOST = "$(BUILT_PRODUCTS_DIR)/TipCalc.app/TipCalc";
			};
			name = Release;
		};
/* End XCBuildConfiguration section */

/* Begin XCConfigurationList section */
		136C21B41F436A1D00BAFA57 /* Build configuration list for PBXProject "TipCalc" */ = {
			isa = XCConfigurationList;
			buildConfigurations = (
				136C21D61F436A1D00BAFA57 /* Debug */,
				136C21D71F436A1D00BAFA57 /* Release */,
			);
			defaultConfigurationIsVisible = 0;
			defaultConfigurationName = Release;
		};
		136C21D81F436A1D00BAFA57 /* Build configuration list for PBXNativeTarget "TipCalc" */ = {
			isa = XCConfigurationList;
			buildConfigurations = (
				136C21D91F436A1D00BAFA57 /* Debug */,
				136C21DA1F436A1D00BAFA57 /* Release */,
			);
			defaultConfigurationIsVisible = 0;
		};
		136C21DB1F436A1D00BAFA57 /* Build configuration list for PBXNativeTarget "TipCalcTests" */ = {
			isa = XCConfigurationList;
			buildConfigurations = (
				136C21DC1F436A1D00BAFA57 /* Debug */,
				136C21DD1F436A1D00BAFA57 /* Release */,
			);
			defaultConfigurationIsVisible = 0;
		};
/* End XCConfigurationList section */
	};
	rootObject = 136C21B11F436A1D00BAFA57 /* Project object */;
}
